# This file is automatically @generated by Cargo.
# It is not intended for manual editing.
version = 3

[[package]]
name = "chariot-core"
version = "0.1.0"
dependencies = [
 "glam",
]

[[package]]
name = "glam"
version = "0.20.3"
source = "registry+https://github.com/rust-lang/crates.io-index"
checksum = "3412e74893a912839a67e975aca0c88561e20e5461d2d358a5fa6d3b229fae59"
